// !$*UTF8*$!
{
	archiveVersion = 1;
	classes = {
	};
	objectVersion = 46;
	objects = {

/* Begin PBXBuildFile section */
		E3685B9D1CDBA7B80037BFA6 /* main.m in Sources */ = {isa = PBXBuildFile; fileRef = E3685B9C1CDBA7B80037BFA6 /* main.m */; };
		E3685BA01CDBA7B80037BFA6 /* AppDelegate.m in Sources */ = {isa = PBXBuildFile; fileRef = E3685B9F1CDBA7B80037BFA6 /* AppDelegate.m */; };
		E3685BA31CDBA7B80037BFA6 /* Weather.xcdatamodeld in Sources */ = {isa = PBXBuildFile; fileRef = E3685BA11CDBA7B80037BFA6 /* Weather.xcdatamodeld */; };
		E3685BA61CDBA7B80037BFA6 /* MasterViewController.m in Sources */ = {isa = PBXBuildFile; fileRef = E3685BA51CDBA7B80037BFA6 /* MasterViewController.m */; };
		E3685BA91CDBA7B80037BFA6 /* DetailViewController.m in Sources */ = {isa = PBXBuildFile; fileRef = E3685BA81CDBA7B80037BFA6 /* DetailViewController.m */; };
		E3685BAC1CDBA7B80037BFA6 /* Main.storyboard in Resources */ = {isa = PBXBuildFile; fileRef = E3685BAA1CDBA7B80037BFA6 /* Main.storyboard */; };
		E3685BAE1CDBA7B80037BFA6 /* Assets.xcassets in Resources */ = {isa = PBXBuildFile; fileRef = E3685BAD1CDBA7B80037BFA6 /* Assets.xcassets */; };
		E3685BB11CDBA7B80037BFA6 /* LaunchScreen.storyboard in Resources */ = {isa = PBXBuildFile; fileRef = E3685BAF1CDBA7B80037BFA6 /* LaunchScreen.storyboard */; };
/* End PBXBuildFile section */

/* Begin PBXFileReference section */
		E3685B981CDBA7B80037BFA6 /* Weather.app */ = {isa = PBXFileReference; explicitFileType = wrapper.application; includeInIndex = 0; path = Weather.app; sourceTree = BUILT_PRODUCTS_DIR; };
		E3685B9C1CDBA7B80037BFA6 /* main.m */ = {isa = PBXFileReference; lastKnownFileType = sourcecode.c.objc; path = main.m; sourceTree = "<group>"; };
		E3685B9E1CDBA7B80037BFA6 /* AppDelegate.h */ = {isa = PBXFileReference; lastKnownFileType = sourcecode.c.h; path = AppDelegate.h; sourceTree = "<group>"; };
		E3685B9F1CDBA7B80037BFA6 /* AppDelegate.m */ = {isa = PBXFileReference; lastKnownFileType = sourcecode.c.objc; path = AppDelegate.m; sourceTree = "<group>"; };
		E3685BA21CDBA7B80037BFA6 /* Weather.xcdatamodel */ = {isa = PBXFileReference; lastKnownFileType = wrapper.xcdatamodel; path = Weather.xcdatamodel; sourceTree = "<group>"; };
		E3685BA41CDBA7B80037BFA6 /* MasterViewController.h */ = {isa = PBXFileReference; lastKnownFileType = sourcecode.c.h; path = MasterViewController.h; sourceTree = "<group>"; };
		E3685BA51CDBA7B80037BFA6 /* MasterViewController.m */ = {isa = PBXFileReference; lastKnownFileType = sourcecode.c.objc; path = MasterViewController.m; sourceTree = "<group>"; };
		E3685BA71CDBA7B80037BFA6 /* DetailViewController.h */ = {isa = PBXFileReference; lastKnownFileType = sourcecode.c.h; path = DetailViewController.h; sourceTree = "<group>"; };
		E3685BA81CDBA7B80037BFA6 /* DetailViewController.m */ = {isa = PBXFileReference; lastKnownFileType = sourcecode.c.objc; path = DetailViewController.m; sourceTree = "<group>"; };
		E3685BAB1CDBA7B80037BFA6 /* Base */ = {isa = PBXFileReference; lastKnownFileType = file.storyboard; name = Base; path = Base.lproj/Main.storyboard; sourceTree = "<group>"; };
		E3685BAD1CDBA7B80037BFA6 /* Assets.xcassets */ = {isa = PBXFileReference; lastKnownFileType = folder.assetcatalog; path = Assets.xcassets; sourceTree = "<group>"; };
		E3685BB01CDBA7B80037BFA6 /* Base */ = {isa = PBXFileReference; lastKnownFileType = file.storyboard; name = Base; path = Base.lproj/LaunchScreen.storyboard; sourceTree = "<group>"; };
		E3685BB21CDBA7B80037BFA6 /* Info.plist */ = {isa = PBXFileReference; lastKnownFileType = text.plist.xml; path = Info.plist; sourceTree = "<group>"; };
/* End PBXFileReference section */

/* Begin PBXFrameworksBuildPhase section */
		E3685B951CDBA7B80037BFA6 /* Frameworks */ = {
			isa = PBXFrameworksBuildPhase;
			buildActionMask = 2147483647;
			files = (
			);
			runOnlyForDeploymentPostprocessing = 0;
		};
/* End PBXFrameworksBuildPhase section */

/* Begin PBXGroup section */
		E3685B8F1CDBA7B80037BFA6 = {
			isa = PBXGroup;
			children = (
				E3685B9A1CDBA7B80037BFA6 /* Weather */,
				E3685B991CDBA7B80037BFA6 /* Products */,
			);
			sourceTree = "<group>";
		};
		E3685B991CDBA7B80037BFA6 /* Products */ = {
			isa = PBXGroup;
			children = (
				E3685B981CDBA7B80037BFA6 /* Weather.app */,
			);
			name = Products;
			sourceTree = "<group>";
		};
		E3685B9A1CDBA7B80037BFA6 /* Weather */ = {
			isa = PBXGroup;
			children = (
				E3685B9E1CDBA7B80037BFA6 /* AppDelegate.h */,
				E3685B9F1CDBA7B80037BFA6 /* AppDelegate.m */,
				E3685BA41CDBA7B80037BFA6 /* MasterViewController.h */,
				E3685BA51CDBA7B80037BFA6 /* MasterViewController.m */,
				E3685BA71CDBA7B80037BFA6 /* DetailViewController.h */,
				E3685BA81CDBA7B80037BFA6 /* DetailViewController.m */,
				E3685BAA1CDBA7B80037BFA6 /* Main.storyboard */,
				E3685BAD1CDBA7B80037BFA6 /* Assets.xcassets */,
				E3685BAF1CDBA7B80037BFA6 /* LaunchScreen.storyboard */,
				E3685BB21CDBA7B80037BFA6 /* Info.plist */,
				E3685BA11CDBA7B80037BFA6 /* Weather.xcdatamodeld */,
				E3685B9B1CDBA7B80037BFA6 /* Supporting Files */,
			);
			path = Weather;
			sourceTree = "<group>";
		};
		E3685B9B1CDBA7B80037BFA6 /* Supporting Files */ = {
			isa = PBXGroup;
			children = (
				E3685B9C1CDBA7B80037BFA6 /* main.m */,
			);
			name = "Supporting Files";
			sourceTree = "<group>";
		};
/* End PBXGroup section */

/* Begin PBXNativeTarget section */
		E3685B971CDBA7B80037BFA6 /* Weather */ = {
			isa = PBXNativeTarget;
			buildConfigurationList = E3685BB51CDBA7B80037BFA6 /* Build configuration list for PBXNativeTarget "Weather" */;
			buildPhases = (
				E3685B941CDBA7B80037BFA6 /* Sources */,
				E3685B951CDBA7B80037BFA6 /* Frameworks */,
				E3685B961CDBA7B80037BFA6 /* Resources */,
			);
			buildRules = (
			);
			dependencies = (
			);
			name = Weather;
			productName = Weather;
			productReference = E3685B981CDBA7B80037BFA6 /* Weather.app */;
			productType = "com.apple.product-type.application";
		};
/* End PBXNativeTarget section */

/* Begin PBXProject section */
		E3685B901CDBA7B80037BFA6 /* Project object */ = {
			isa = PBXProject;
			attributes = {
				LastUpgradeCheck = 0730;
				ORGANIZATIONNAME = "Tom Williamson";
				TargetAttributes = {
					E3685B971CDBA7B80037BFA6 = {
						CreatedOnToolsVersion = 7.3;
					};
				};
			};
			buildConfigurationList = E3685B931CDBA7B80037BFA6 /* Build configuration list for PBXProject "Weather" */;
			compatibilityVersion = "Xcode 3.2";
			developmentRegion = English;
			hasScannedForEncodings = 0;
			knownRegions = (
				en,
				Base,
			);
			mainGroup = E3685B8F1CDBA7B80037BFA6;
			productRefGroup = E3685B991CDBA7B80037BFA6 /* Products */;
			projectDirPath = "";
			projectRoot = "";
			targets = (
				E3685B971CDBA7B80037BFA6 /* Weather */,
			);
		};
/* End PBXProject section */

/* Begin PBXResourcesBuildPhase section */
		E3685B961CDBA7B80037BFA6 /* Resources */ = {
			isa = PBXResourcesBuildPhase;
			buildActionMask = 2147483647;
			files = (
				E3685BB11CDBA7B80037BFA6 /* LaunchScreen.storyboard in Resources */,
				E3685BAE1CDBA7B80037BFA6 /* Assets.xcassets in Resources */,
				E3685BAC1CDBA7B80037BFA6 /* Main.storyboard in Resources */,
			);
			runOnlyForDeploymentPostprocessing = 0;
		};
/* End PBXResourcesBuildPhase section */

/* Begin PBXSourcesBuildPhase section */
		E3685B941CDBA7B80037BFA6 /* Sources */ = {
			isa = PBXSourcesBuildPhase;
			buildActionMask = 2147483647;
			files = (
				E3685BA91CDBA7B80037BFA6 /* DetailViewController.m in Sources */,
				E3685BA61CDBA7B80037BFA6 /* MasterViewController.m in Sources */,
				E3685BA31CDBA7B80037BFA6 /* Weather.xcdatamodeld in Sources */,
				E3685BA01CDBA7B80037BFA6 /* AppDelegate.m in Sources */,
				E3685B9D1CDBA7B80037BFA6 /* main.m in Sources */,
			);
			runOnlyForDeploymentPostprocessing = 0;
		};
/* End PBXSourcesBuildPhase section */

/* Begin PBXVariantGroup section */
		E3685BAA1CDBA7B80037BFA6 /* Main.storyboard */ = {
			isa = PBXVariantGroup;
			children = (
				E3685BAB1CDBA7B80037BFA6 /* Base */,
			);
			name = Main.storyboard;
			sourceTree = "<group>";
		};
		E3685BAF1CDBA7B80037BFA6 /* LaunchScreen.storyboard */ = {
			isa = PBXVariantGroup;
			children = (
				E3685BB01CDBA7B80037BFA6 /* Base */,
			);
			name = LaunchScreen.storyboard;
			sourceTree = "<group>";
		};
/* End PBXVariantGroup section */

/* Begin XCBuildConfiguration section */
		E3685BB31CDBA7B80037BFA6 /* Debug */ = {
			isa = XCBuildConfiguration;
			buildSettings = {
				ALWAYS_SEARCH_USER_PATHS = NO;
				CLANG_ANALYZER_NONNULL = YES;
				CLANG_CXX_LANGUAGE_STANDARD = "gnu++0x";
				CLANG_CXX_LIBRARY = "libc++";
				CLANG_ENABLE_MODULES = YES;
				CLANG_ENABLE_OBJC_ARC = YES;
				CLANG_WARN_BOOL_CONVERSION = YES;
				CLANG_WARN_CONSTANT_CONVERSION = YES;
				CLANG_WARN_DIRECT_OBJC_ISA_USAGE = YES_ERROR;
				CLANG_WARN_EMPTY_BODY = YES;
				CLANG_WARN_ENUM_CONVERSION = YES;
				CLANG_WARN_INT_CONVERSION = YES;
				CLANG_WARN_OBJC_ROOT_CLASS = YES_ERROR;
				CLANG_WARN_UNREACHABLE_CODE = YES;
				CLANG_WARN__DUPLICATE_METHOD_MATCH = YES;
				"CODE_SIGN_IDENTITY[sdk=iphoneos*]" = "iPhone Developer";
				COPY_PHASE_STRIP = NO;
				DEBUG_INFORMATION_FORMAT = dwarf;
				ENABLE_STRICT_OBJC_MSGSEND = YES;
				ENABLE_TESTABILITY = YES;
				GCC_C_LANGUAGE_STANDARD = gnu99;
				GCC_DYNAMIC_NO_PIC = NO;
				GCC_NO_COMMON_BLOCKS = YES;
				GCC_OPTIMIZATION_LEVEL = 0;
				GCC_PREPROCESSOR_DEFINITIONS = (
					"DEBUG=1",
					"$(inherited)",
				);
				GCC_WARN_64_TO_32_BIT_CONVERSION = YES;
				GCC_WARN_ABOUT_RETURN_TYPE = YES_ERROR;
				GCC_WARN_UNDECLARED_SELECTOR = YES;
				GCC_WARN_UNINITIALIZED_AUTOS = YES_AGGRESSIVE;
				GCC_WARN_UNUSED_FUNCTION = YES;
				GCC_WARN_UNUSED_VARIABLE = YES;
				IPHONEOS_DEPLOYMENT_TARGET = 9.3;
				MTL_ENABLE_DEBUG_INFO = YES;
				ONLY_ACTIVE_ARCH = YES;
				SDKROOT = iphoneos;
				TARGETED_DEVICE_FAMILY = "1,2";
			};
			name = Debug;
		};
		E3685BB41CDBA7B80037BFA6 /* Release */ = {
			isa = XCBuildConfiguration;
			buildSettings = {
				ALWAYS_SEARCH_USER_PATHS = NO;
				CLANG_ANALYZER_NONNULL = YES;
				CLANG_CXX_LANGUAGE_STANDARD = "gnu++0x";
				CLANG_CXX_LIBRARY = "libc++";
				CLANG_ENABLE_MODULES = YES;
				CLANG_ENABLE_OBJC_ARC = YES;
				CLANG_WARN_BOOL_CONVERSION = YES;
				CLANG_WARN_CONSTANT_CONVERSION = YES;
				CLANG_WARN_DIRECT_OBJC_ISA_USAGE = YES_ERROR;
				CLANG_WARN_EMPTY_BODY = YES;
				CLANG_WARN_ENUM_CONVERSION = YES;
				CLANG_WARN_INT_CONVERSION = YES;
				CLANG_WARN_OBJC_ROOT_CLASS = YES_ERROR;
				CLANG_WARN_UNREACHABLE_CODE = YES;
				CLANG_WARN__DUPLICATE_METHOD_MATCH = YES;
				"CODE_SIGN_IDENTITY[sdk=iphoneos*]" = "iPhone Developer";
				COPY_PHASE_STRIP = NO;
				DEBUG_INFORMATION_FORMAT = "dwarf-with-dsym";
				ENABLE_NS_ASSERTIONS = NO;
				ENABLE_STRICT_OBJC_MSGSEND = YES;
				GCC_C_LANGUAGE_STANDARD = gnu99;
				GCC_NO_COMMON_BLOCKS = YES;
				GCC_WARN_64_TO_32_BIT_CONVERSION = YES;
				GCC_WARN_ABOUT_RETURN_TYPE = YES_ERROR;
				GCC_WARN_UNDECLARED_SELECTOR = YES;
				GCC_WARN_UNINITIALIZED_AUTOS = YES_AGGRESSIVE;
				GCC_WARN_UNUSED_FUNCTION = YES;
				GCC_WARN_UNUSED_VARIABLE = YES;
				IPHONEOS_DEPLOYMENT_TARGET = 9.3;
				MTL_ENABLE_DEBUG_INFO = NO;
				SDKROOT = iphoneos;
				TARGETED_DEVICE_FAMILY = "1,2";
				VALIDATE_PRODUCT = YES;
			};
			name = Release;
		};
		E3685BB61CDBA7B80037BFA6 /* Debug */ = {
			isa = XCBuildConfiguration;
			buildSettings = {
				ASSETCATALOG_COMPILER_APPICON_NAME = AppIcon;
				INFOPLIST_FILE = Weather/Info.plist;
				LD_RUNPATH_SEARCH_PATHS = "$(inherited) @executable_path/Frameworks";
				PRODUCT_BUNDLE_IDENTIFIER = com.dtssoftware.Weather;
				PRODUCT_NAME = "$(TARGET_NAME)";
			};
			name = Debug;
		};
		E3685BB71CDBA7B80037BFA6 /* Release */ = {
			isa = XCBuildConfiguration;
			buildSettings = {
				ASSETCATALOG_COMPILER_APPICON_NAME = AppIcon;
				INFOPLIST_FILE = Weather/Info.plist;
				LD_RUNPATH_SEARCH_PATHS = "$(inherited) @executable_path/Frameworks";
				PRODUCT_BUNDLE_IDENTIFIER = com.dtssoftware.Weather;
				PRODUCT_NAME = "$(TARGET_NAME)";
			};
			name = Release;
		};
/* End XCBuildConfiguration section */

/* Begin XCConfigurationList section */
		E3685B931CDBA7B80037BFA6 /* Build configuration list for PBXProject "Weather" */ = {
			isa = XCConfigurationList;
			buildConfigurations = (
				E3685BB31CDBA7B80037BFA6 /* Debug */,
				E3685BB41CDBA7B80037BFA6 /* Release */,
			);
			defaultConfigurationIsVisible = 0;
			defaultConfigurationName = Release;
		};
		E3685BB51CDBA7B80037BFA6 /* Build configuration list for PBXNativeTarget "Weather" */ = {
			isa = XCConfigurationList;
			buildConfigurations = (
				E3685BB61CDBA7B80037BFA6 /* Debug */,
				E3685BB71CDBA7B80037BFA6 /* Release */,
			);
			defaultConfigurationIsVisible = 0;
		};
/* End XCConfigurationList section */

/* Begin XCVersionGroup section */
		E3685BA11CDBA7B80037BFA6 /* Weather.xcdatamodeld */ = {
			isa = XCVersionGroup;
			children = (
				E3685BA21CDBA7B80037BFA6 /* Weather.xcdatamodel */,
			);
			currentVersion = E3685BA21CDBA7B80037BFA6 /* Weather.xcdatamodel */;
			path = Weather.xcdatamodeld;
			sourceTree = "<group>";
			versionGroupType = wrapper.xcdatamodel;
		};
/* End XCVersionGroup section */
	};
	rootObject = E3685B901CDBA7B80037BFA6 /* Project object */;
}
